{
  "name": "ci-frontend",
  "version": "1.0.0",
  "lockfileVersion": 1,
  "requires": true,
  "dependencies": {
    "async-content-loader": {
      "version": "1.0.0",
      "resolved": "https://registry.npmjs.org/async-content-loader/-/async-content-loader-1.0.0.tgz",
      "integrity": "sha512-alQ9jcm8MjjIxJVR3Ve33w3XQvoaR/epSONUaBKXcgR+DWisOdOLCMEV9WUcgJSWuf20L6n0VG1jVjvtQHIsbQ=="
    },
    "browser-messages": {
      "version": "1.0.1",
      "resolved": "https://registry.npmjs.org/browser-messages/-/browser-messages-1.0.1.tgz",
      "integrity": "sha512-UfLalhsr/4V4P6n6atcy44D6Bes4MrxYDPM78XW4p5lqlczFrpNbnVL439M/wdyXb1Oj3jZA1z09fCxcYkd4fQ=="
    },
    "es-class-router": {
      "version": "1.0.0",
      "resolved": "https://registry.npmjs.org/es-class-router/-/es-class-router-1.0.0.tgz",
      "integrity": "sha512-CM0vjsj+ksqJ6MUlq+AUsViDtxrNImE/JglE+k6Q2Z+SRy7KRvX21bxTkJUZh1fwm8yLQcyVvPEjKjJCE5nZyQ==",
      "requires": {
        "browser-messages": "^1.0.1",
        "safe-ops": "^1.0.0"
      }
    },
    "location-browser": {
      "version": "1.0.0",
      "resolved": "https://registry.npmjs.org/location-browser/-/location-browser-1.0.0.tgz",
      "integrity": "sha512-5gNKka6e7peK+aeVS4k0nybgrql/46StO452qQlNEko9qsZtvQaXsSo3Vi1W8Tw2j3Oom+9+AarEDCiQBCFw7Q==",
      "requires": {
        "safe-ops": "^1.0.0"
      }
    },
    "moment": {
      "version": "2.24.0",
      "resolved": "https://registry.npmjs.org/moment/-/moment-2.24.0.tgz",
      "integrity": "sha512-bV7f+6l2QigeBBZSM/6yTNq4P2fNpSWj/0e7jQcy87A8e7o2nAfP/34/2ky5Vw4B9S446EtIhodAzkFCcR4dQg=="
    },
    "safe-ops": {
      "version": "1.0.1",
      "resolved": "https://registry.npmjs.org/safe-ops/-/safe-ops-1.0.1.tgz",
      "integrity": "sha512-mPn6tbfYERiRwZ3kJgrEUrQrVSxvA2mZL6I20jYgVNlu3/OcHUMcfSS2EyA3xSiPJ/c2WaLMQaVoOCCoPVJ1pA=="
    }
  }
}
